{
  "name": "lru_map",
  "version": "0.4.1",
  "lockfileVersion": 1,
  "requires": true,
  "dependencies": {
    "esbuild": {
      "version": "0.5.25",
      "resolved": "https://registry.npmjs.org/esbuild/-/esbuild-0.5.25.tgz",
      "integrity": "sha512-ut/nkIsGn1sTIbNGoNto7qqv6DoDTsnXNG55q4YI94S1ygYhZBiJ7OmtwVGDWioXai/nwcb9KbGuiHiJ+ZJxSg==",
      "dev": true
    },
    "typescript": {
      "version": "3.9.6",
      "resolved": "https://registry.npmjs.org/typescript/-/typescript-3.9.6.tgz",
      "integrity": "sha512-Pspx3oKAPJtjNwE92YS05HQoY7z2SFyOpHo9MqJor3BXAGNaPUs83CuVp9VISFkSjyRfiTpmKuAYGJB7S7hOxw==",
      "dev": true
    }
  }
}
